// !$*UTF8*$!
{
	archiveVersion = 1;
	classes = {
	};
	objectVersion = 46;
	objects = {

/* Begin PBXBuildFile section */
		FCB5DCCE1F433EB100C9BE12 /* main.cpp in Sources */ = {isa = PBXBuildFile; fileRef = FCB5DCCD1F433EB100C9BE12 /* main.cpp */; };
		FCB5DCD61F433ED300C9BE12 /* letter_grade.cpp in Sources */ = {isa = PBXBuildFile; fileRef = FCB5DCD41F433ED300C9BE12 /* letter_grade.cpp */; };
/* End PBXBuildFile section */

/* Begin PBXCopyFilesBuildPhase section */
		FCB5DCC81F433EB100C9BE12 /* CopyFiles */ = {
			isa = PBXCopyFilesBuildPhase;
			buildActionMask = 2147483647;
			dstPath = /usr/share/man/man1/;
			dstSubfolderSpec = 0;
			files = (
			);
			runOnlyForDeploymentPostprocessing = 1;
		};
/* End PBXCopyFilesBuildPhase section */

/* Begin PBXFileReference section */
		FCB5DCCA1F433EB100C9BE12 /* 10-0 student grade arrays */ = {isa = PBXFileReference; explicitFileType = "compiled.mach-o.executable"; includeInIndex = 0; path = "10-0 student grade arrays"; sourceTree = BUILT_PRODUCTS_DIR; };
		FCB5DCCD1F433EB100C9BE12 /* main.cpp */ = {isa = PBXFileReference; lastKnownFileType = sourcecode.cpp.cpp; path = main.cpp; sourceTree = "<group>"; };
		FCB5DCD41F433ED300C9BE12 /* letter_grade.cpp */ = {isa = PBXFileReference; fileEncoding = 4; lastKnownFileType = sourcecode.cpp.cpp; path = letter_grade.cpp; sourceTree = "<group>"; };
		FCB5DCD51F433ED300C9BE12 /* letter_grade.h */ = {isa = PBXFileReference; fileEncoding = 4; lastKnownFileType = sourcecode.c.h; path = letter_grade.h; sourceTree = "<group>"; };
/* End PBXFileReference section */

/* Begin PBXFrameworksBuildPhase section */
		FCB5DCC71F433EB100C9BE12 /* Frameworks */ = {
			isa = PBXFrameworksBuildPhase;
			buildActionMask = 2147483647;
			files = (
			);
			runOnlyForDeploymentPostprocessing = 0;
		};
/* End PBXFrameworksBuildPhase section */

/* Begin PBXGroup section */
		FCB5DCC11F433EB100C9BE12 = {
			isa = PBXGroup;
			children = (
				FCB5DCCC1F433EB100C9BE12 /* 10-0 student grade arrays */,
				FCB5DCCB1F433EB100C9BE12 /* Products */,
			);
			sourceTree = "<group>";
		};
		FCB5DCCB1F433EB100C9BE12 /* Products */ = {
			isa = PBXGroup;
			children = (
				FCB5DCCA1F433EB100C9BE12 /* 10-0 student grade arrays */,
			);
			name = Products;
			sourceTree = "<group>";
		};
		FCB5DCCC1F433EB100C9BE12 /* 10-0 student grade arrays */ = {
			isa = PBXGroup;
			children = (
				FCB5DCCD1F433EB100C9BE12 /* main.cpp */,
				FCB5DCD41F433ED300C9BE12 /* letter_grade.cpp */,
				FCB5DCD51F433ED300C9BE12 /* letter_grade.h */,
			);
			path = "10-0 student grade arrays";
			sourceTree = "<group>";
		};
/* End PBXGroup section */

/* Begin PBXNativeTarget section */
		FCB5DCC91F433EB100C9BE12 /* 10-0 student grade arrays */ = {
			isa = PBXNativeTarget;
			buildConfigurationList = FCB5DCD11F433EB100C9BE12 /* Build configuration list for PBXNativeTarget "10-0 student grade arrays" */;
			buildPhases = (
				FCB5DCC61F433EB100C9BE12 /* Sources */,
				FCB5DCC71F433EB100C9BE12 /* Frameworks */,
				FCB5DCC81F433EB100C9BE12 /* CopyFiles */,
			);
			buildRules = (
			);
			dependencies = (
			);
			name = "10-0 student grade arrays";
			productName = "10-0 student grade arrays";
			productReference = FCB5DCCA1F433EB100C9BE12 /* 10-0 student grade arrays */;
			productType = "com.apple.product-type.tool";
		};
/* End PBXNativeTarget section */

/* Begin PBXProject section */
		FCB5DCC21F433EB100C9BE12 /* Project object */ = {
			isa = PBXProject;
			attributes = {
				LastUpgradeCheck = 0810;
				ORGANIZATIONNAME = "justin fung";
				TargetAttributes = {
					FCB5DCC91F433EB100C9BE12 = {
						CreatedOnToolsVersion = 8.1;
						ProvisioningStyle = Automatic;
					};
				};
			};
			buildConfigurationList = FCB5DCC51F433EB100C9BE12 /* Build configuration list for PBXProject "10-0 student grade arrays" */;
			compatibilityVersion = "Xcode 3.2";
			developmentRegion = English;
			hasScannedForEncodings = 0;
			knownRegions = (
				en,
			);
			mainGroup = FCB5DCC11F433EB100C9BE12;
			productRefGroup = FCB5DCCB1F433EB100C9BE12 /* Products */;
			projectDirPath = "";
			projectRoot = "";
			targets = (
				FCB5DCC91F433EB100C9BE12 /* 10-0 student grade arrays */,
			);
		};
/* End PBXProject section */

/* Begin PBXSourcesBuildPhase section */
		FCB5DCC61F433EB100C9BE12 /* Sources */ = {
			isa = PBXSourcesBuildPhase;
			buildActionMask = 2147483647;
			files = (
				FCB5DCCE1F433EB100C9BE12 /* main.cpp in Sources */,
				FCB5DCD61F433ED300C9BE12 /* letter_grade.cpp in Sources */,
			);
			runOnlyForDeploymentPostprocessing = 0;
		};
/* End PBXSourcesBuildPhase section */

/* Begin XCBuildConfiguration section */
		FCB5DCCF1F433EB100C9BE12 /* Debug */ = {
			isa = XCBuildConfiguration;
			buildSettings = {
				ALWAYS_SEARCH_USER_PATHS = NO;
				CLANG_ANALYZER_NONNULL = YES;
				CLANG_CXX_LANGUAGE_STANDARD = "gnu++0x";
				CLANG_CXX_LIBRARY = "libc++";
				CLANG_ENABLE_MODULES = YES;
				CLANG_ENABLE_OBJC_ARC = YES;
				CLANG_WARN_BOOL_CONVERSION = YES;
				CLANG_WARN_CONSTANT_CONVERSION = YES;
				CLANG_WARN_DIRECT_OBJC_ISA_USAGE = YES_ERROR;
				CLANG_WARN_DOCUMENTATION_COMMENTS = YES;
				CLANG_WARN_EMPTY_BODY = YES;
				CLANG_WARN_ENUM_CONVERSION = YES;
				CLANG_WARN_INFINITE_RECURSION = YES;
				CLANG_WARN_INT_CONVERSION = YES;
				CLANG_WARN_OBJC_ROOT_CLASS = YES_ERROR;
				CLANG_WARN_SUSPICIOUS_MOVES = YES;
				CLANG_WARN_UNREACHABLE_CODE = YES;
				CLANG_WARN__DUPLICATE_METHOD_MATCH = YES;
				CODE_SIGN_IDENTITY = "-";
				COPY_PHASE_STRIP = NO;
				DEBUG_INFORMATION_FORMAT = dwarf;
				ENABLE_STRICT_OBJC_MSGSEND = YES;
				ENABLE_TESTABILITY = YES;
				GCC_C_LANGUAGE_STANDARD = gnu99;
				GCC_DYNAMIC_NO_PIC = NO;
				GCC_NO_COMMON_BLOCKS = YES;
				GCC_OPTIMIZATION_LEVEL = 0;
				GCC_PREPROCESSOR_DEFINITIONS = (
					"DEBUG=1",
					"$(inherited)",
				);
				GCC_WARN_64_TO_32_BIT_CONVERSION = YES;
				GCC_WARN_ABOUT_RETURN_TYPE = YES_ERROR;
				GCC_WARN_UNDECLARED_SELECTOR = YES;
				GCC_WARN_UNINITIALIZED_AUTOS = YES_AGGRESSIVE;
				GCC_WARN_UNUSED_FUNCTION = YES;
				GCC_WARN_UNUSED_VARIABLE = YES;
				MACOSX_DEPLOYMENT_TARGET = 10.12;
				MTL_ENABLE_DEBUG_INFO = YES;
				ONLY_ACTIVE_ARCH = YES;
				SDKROOT = macosx;
			};
			name = Debug;
		};
		FCB5DCD01F433EB100C9BE12 /* Release */ = {
			isa = XCBuildConfiguration;
			buildSettings = {
				ALWAYS_SEARCH_USER_PATHS = NO;
				CLANG_ANALYZER_NONNULL = YES;
				CLANG_CXX_LANGUAGE_STANDARD = "gnu++0x";
				CLANG_CXX_LIBRARY = "libc++";
				CLANG_ENABLE_MODULES = YES;
				CLANG_ENABLE_OBJC_ARC = YES;
				CLANG_WARN_BOOL_CONVERSION = YES;
				CLANG_WARN_CONSTANT_CONVERSION = YES;
				CLANG_WARN_DIRECT_OBJC_ISA_USAGE = YES_ERROR;
				CLANG_WARN_DOCUMENTATION_COMMENTS = YES;
				CLANG_WARN_EMPTY_BODY = YES;
				CLANG_WARN_ENUM_CONVERSION = YES;
				CLANG_WARN_INFINITE_RECURSION = YES;
				CLANG_WARN_INT_CONVERSION = YES;
				CLANG_WARN_OBJC_ROOT_CLASS = YES_ERROR;
				CLANG_WARN_SUSPICIOUS_MOVES = YES;
				CLANG_WARN_UNREACHABLE_CODE = YES;
				CLANG_WARN__DUPLICATE_METHOD_MATCH = YES;
				CODE_SIGN_IDENTITY = "-";
				COPY_PHASE_STRIP = NO;
				DEBUG_INFORMATION_FORMAT = "dwarf-with-dsym";
				ENABLE_NS_ASSERTIONS = NO;
				ENABLE_STRICT_OBJC_MSGSEND = YES;
				GCC_C_LANGUAGE_STANDARD = gnu99;
				GCC_NO_COMMON_BLOCKS = YES;
				GCC_WARN_64_TO_32_BIT_CONVERSION = YES;
				GCC_WARN_ABOUT_RETURN_TYPE = YES_ERROR;
				GCC_WARN_UNDECLARED_SELECTOR = YES;
				GCC_WARN_UNINITIALIZED_AUTOS = YES_AGGRESSIVE;
				GCC_WARN_UNUSED_FUNCTION = YES;
				GCC_WARN_UNUSED_VARIABLE = YES;
				MACOSX_DEPLOYMENT_TARGET = 10.12;
				MTL_ENABLE_DEBUG_INFO = NO;
				SDKROOT = macosx;
			};
			name = Release;
		};
		FCB5DCD21F433EB100C9BE12 /* Debug */ = {
			isa = XCBuildConfiguration;
			buildSettings = {
				PRODUCT_NAME = "$(TARGET_NAME)";
			};
			name = Debug;
		};
		FCB5DCD31F433EB100C9BE12 /* Release */ = {
			isa = XCBuildConfiguration;
			buildSettings = {
				PRODUCT_NAME = "$(TARGET_NAME)";
			};
			name = Release;
		};
/* End XCBuildConfiguration section */

/* Begin XCConfigurationList section */
		FCB5DCC51F433EB100C9BE12 /* Build configuration list for PBXProject "10-0 student grade arrays" */ = {
			isa = XCConfigurationList;
			buildConfigurations = (
				FCB5DCCF1F433EB100C9BE12 /* Debug */,
				FCB5DCD01F433EB100C9BE12 /* Release */,
			);
			defaultConfigurationIsVisible = 0;
			defaultConfigurationName = Release;
		};
		FCB5DCD11F433EB100C9BE12 /* Build configuration list for PBXNativeTarget "10-0 student grade arrays" */ = {
			isa = XCConfigurationList;
			buildConfigurations = (
				FCB5DCD21F433EB100C9BE12 /* Debug */,
				FCB5DCD31F433EB100C9BE12 /* Release */,
			);
			defaultConfigurationIsVisible = 0;
		};
/* End XCConfigurationList section */
	};
	rootObject = FCB5DCC21F433EB100C9BE12 /* Project object */;
}
