// !$*UTF8*$!
{
	archiveVersion = 1;
	classes = {
	};
	objectVersion = 46;
	objects = {

/* Begin PBXBuildFile section */
		FC79AE7F1F2BF54B00C04C5E /* main.cpp in Sources */ = {isa = PBXBuildFile; fileRef = FC79AE7E1F2BF54B00C04C5E /* main.cpp */; };
		FC79AE8A1F2BF81E00C04C5E /* grade.cpp in Sources */ = {isa = PBXBuildFile; fileRef = FC79AE881F2BF81E00C04C5E /* grade.cpp */; };
		FC79AE8D1F2BF88A00C04C5E /* median.cpp in Sources */ = {isa = PBXBuildFile; fileRef = FC79AE8B1F2BF88A00C04C5E /* median.cpp */; };
		FC79AE901F2BF8CB00C04C5E /* Student_info.cpp in Sources */ = {isa = PBXBuildFile; fileRef = FC79AE8E1F2BF8CB00C04C5E /* Student_info.cpp */; };
/* End PBXBuildFile section */

/* Begin PBXCopyFilesBuildPhase section */
		FC79AE791F2BF54B00C04C5E /* CopyFiles */ = {
			isa = PBXCopyFilesBuildPhase;
			buildActionMask = 2147483647;
			dstPath = /usr/share/man/man1/;
			dstSubfolderSpec = 0;
			files = (
			);
			runOnlyForDeploymentPostprocessing = 1;
		};
/* End PBXCopyFilesBuildPhase section */

/* Begin PBXFileReference section */
		FC79AE7B1F2BF54B00C04C5E /* 8-1 */ = {isa = PBXFileReference; explicitFileType = "compiled.mach-o.executable"; includeInIndex = 0; path = "8-1"; sourceTree = BUILT_PRODUCTS_DIR; };
		FC79AE7E1F2BF54B00C04C5E /* main.cpp */ = {isa = PBXFileReference; lastKnownFileType = sourcecode.cpp.cpp; path = main.cpp; sourceTree = "<group>"; };
		FC79AE881F2BF81E00C04C5E /* grade.cpp */ = {isa = PBXFileReference; fileEncoding = 4; lastKnownFileType = sourcecode.cpp.cpp; path = grade.cpp; sourceTree = "<group>"; };
		FC79AE891F2BF81E00C04C5E /* grade.h */ = {isa = PBXFileReference; fileEncoding = 4; lastKnownFileType = sourcecode.c.h; path = grade.h; sourceTree = "<group>"; };
		FC79AE8B1F2BF88A00C04C5E /* median.cpp */ = {isa = PBXFileReference; fileEncoding = 4; lastKnownFileType = sourcecode.cpp.cpp; path = median.cpp; sourceTree = "<group>"; };
		FC79AE8C1F2BF88A00C04C5E /* median.h */ = {isa = PBXFileReference; fileEncoding = 4; lastKnownFileType = sourcecode.c.h; path = median.h; sourceTree = "<group>"; };
		FC79AE8E1F2BF8CB00C04C5E /* Student_info.cpp */ = {isa = PBXFileReference; fileEncoding = 4; lastKnownFileType = sourcecode.cpp.cpp; path = Student_info.cpp; sourceTree = "<group>"; };
		FC79AE8F1F2BF8CB00C04C5E /* Student_info.h */ = {isa = PBXFileReference; fileEncoding = 4; lastKnownFileType = sourcecode.c.h; path = Student_info.h; sourceTree = "<group>"; };
/* End PBXFileReference section */

/* Begin PBXFrameworksBuildPhase section */
		FC79AE781F2BF54B00C04C5E /* Frameworks */ = {
			isa = PBXFrameworksBuildPhase;
			buildActionMask = 2147483647;
			files = (
			);
			runOnlyForDeploymentPostprocessing = 0;
		};
/* End PBXFrameworksBuildPhase section */

/* Begin PBXGroup section */
		FC79AE721F2BF54B00C04C5E = {
			isa = PBXGroup;
			children = (
				FC79AE7D1F2BF54B00C04C5E /* 8-1 */,
				FC79AE7C1F2BF54B00C04C5E /* Products */,
			);
			sourceTree = "<group>";
		};
		FC79AE7C1F2BF54B00C04C5E /* Products */ = {
			isa = PBXGroup;
			children = (
				FC79AE7B1F2BF54B00C04C5E /* 8-1 */,
			);
			name = Products;
			sourceTree = "<group>";
		};
		FC79AE7D1F2BF54B00C04C5E /* 8-1 */ = {
			isa = PBXGroup;
			children = (
				FC79AE7E1F2BF54B00C04C5E /* main.cpp */,
				FC79AE881F2BF81E00C04C5E /* grade.cpp */,
				FC79AE8B1F2BF88A00C04C5E /* median.cpp */,
				FC79AE891F2BF81E00C04C5E /* grade.h */,
				FC79AE8E1F2BF8CB00C04C5E /* Student_info.cpp */,
				FC79AE8F1F2BF8CB00C04C5E /* Student_info.h */,
				FC79AE8C1F2BF88A00C04C5E /* median.h */,
			);
			path = "8-1";
			sourceTree = "<group>";
		};
/* End PBXGroup section */

/* Begin PBXNativeTarget section */
		FC79AE7A1F2BF54B00C04C5E /* 8-1 */ = {
			isa = PBXNativeTarget;
			buildConfigurationList = FC79AE821F2BF54B00C04C5E /* Build configuration list for PBXNativeTarget "8-1" */;
			buildPhases = (
				FC79AE771F2BF54B00C04C5E /* Sources */,
				FC79AE781F2BF54B00C04C5E /* Frameworks */,
				FC79AE791F2BF54B00C04C5E /* CopyFiles */,
			);
			buildRules = (
			);
			dependencies = (
			);
			name = "8-1";
			productName = "8-1";
			productReference = FC79AE7B1F2BF54B00C04C5E /* 8-1 */;
			productType = "com.apple.product-type.tool";
		};
/* End PBXNativeTarget section */

/* Begin PBXProject section */
		FC79AE731F2BF54B00C04C5E /* Project object */ = {
			isa = PBXProject;
			attributes = {
				LastUpgradeCheck = 0810;
				ORGANIZATIONNAME = "justin fung";
				TargetAttributes = {
					FC79AE7A1F2BF54B00C04C5E = {
						CreatedOnToolsVersion = 8.1;
						ProvisioningStyle = Automatic;
					};
				};
			};
			buildConfigurationList = FC79AE761F2BF54B00C04C5E /* Build configuration list for PBXProject "8-1" */;
			compatibilityVersion = "Xcode 3.2";
			developmentRegion = English;
			hasScannedForEncodings = 0;
			knownRegions = (
				en,
			);
			mainGroup = FC79AE721F2BF54B00C04C5E;
			productRefGroup = FC79AE7C1F2BF54B00C04C5E /* Products */;
			projectDirPath = "";
			projectRoot = "";
			targets = (
				FC79AE7A1F2BF54B00C04C5E /* 8-1 */,
			);
		};
/* End PBXProject section */

/* Begin PBXSourcesBuildPhase section */
		FC79AE771F2BF54B00C04C5E /* Sources */ = {
			isa = PBXSourcesBuildPhase;
			buildActionMask = 2147483647;
			files = (
				FC79AE8D1F2BF88A00C04C5E /* median.cpp in Sources */,
				FC79AE7F1F2BF54B00C04C5E /* main.cpp in Sources */,
				FC79AE8A1F2BF81E00C04C5E /* grade.cpp in Sources */,
				FC79AE901F2BF8CB00C04C5E /* Student_info.cpp in Sources */,
			);
			runOnlyForDeploymentPostprocessing = 0;
		};
/* End PBXSourcesBuildPhase section */

/* Begin XCBuildConfiguration section */
		FC79AE801F2BF54B00C04C5E /* Debug */ = {
			isa = XCBuildConfiguration;
			buildSettings = {
				ALWAYS_SEARCH_USER_PATHS = NO;
				CLANG_ANALYZER_NONNULL = YES;
				CLANG_CXX_LANGUAGE_STANDARD = "gnu++0x";
				CLANG_CXX_LIBRARY = "libc++";
				CLANG_ENABLE_MODULES = YES;
				CLANG_ENABLE_OBJC_ARC = YES;
				CLANG_WARN_BOOL_CONVERSION = YES;
				CLANG_WARN_CONSTANT_CONVERSION = YES;
				CLANG_WARN_DIRECT_OBJC_ISA_USAGE = YES_ERROR;
				CLANG_WARN_DOCUMENTATION_COMMENTS = YES;
				CLANG_WARN_EMPTY_BODY = YES;
				CLANG_WARN_ENUM_CONVERSION = YES;
				CLANG_WARN_INFINITE_RECURSION = YES;
				CLANG_WARN_INT_CONVERSION = YES;
				CLANG_WARN_OBJC_ROOT_CLASS = YES_ERROR;
				CLANG_WARN_SUSPICIOUS_MOVES = YES;
				CLANG_WARN_UNREACHABLE_CODE = YES;
				CLANG_WARN__DUPLICATE_METHOD_MATCH = YES;
				CODE_SIGN_IDENTITY = "-";
				COPY_PHASE_STRIP = NO;
				DEBUG_INFORMATION_FORMAT = dwarf;
				ENABLE_STRICT_OBJC_MSGSEND = YES;
				ENABLE_TESTABILITY = YES;
				GCC_C_LANGUAGE_STANDARD = gnu99;
				GCC_DYNAMIC_NO_PIC = NO;
				GCC_NO_COMMON_BLOCKS = YES;
				GCC_OPTIMIZATION_LEVEL = 0;
				GCC_PREPROCESSOR_DEFINITIONS = (
					"DEBUG=1",
					"$(inherited)",
				);
				GCC_WARN_64_TO_32_BIT_CONVERSION = YES;
				GCC_WARN_ABOUT_RETURN_TYPE = YES_ERROR;
				GCC_WARN_UNDECLARED_SELECTOR = YES;
				GCC_WARN_UNINITIALIZED_AUTOS = YES_AGGRESSIVE;
				GCC_WARN_UNUSED_FUNCTION = YES;
				GCC_WARN_UNUSED_VARIABLE = YES;
				MACOSX_DEPLOYMENT_TARGET = 10.12;
				MTL_ENABLE_DEBUG_INFO = YES;
				ONLY_ACTIVE_ARCH = YES;
				SDKROOT = macosx;
			};
			name = Debug;
		};
		FC79AE811F2BF54B00C04C5E /* Release */ = {
			isa = XCBuildConfiguration;
			buildSettings = {
				ALWAYS_SEARCH_USER_PATHS = NO;
				CLANG_ANALYZER_NONNULL = YES;
				CLANG_CXX_LANGUAGE_STANDARD = "gnu++0x";
				CLANG_CXX_LIBRARY = "libc++";
				CLANG_ENABLE_MODULES = YES;
				CLANG_ENABLE_OBJC_ARC = YES;
				CLANG_WARN_BOOL_CONVERSION = YES;
				CLANG_WARN_CONSTANT_CONVERSION = YES;
				CLANG_WARN_DIRECT_OBJC_ISA_USAGE = YES_ERROR;
				CLANG_WARN_DOCUMENTATION_COMMENTS = YES;
				CLANG_WARN_EMPTY_BODY = YES;
				CLANG_WARN_ENUM_CONVERSION = YES;
				CLANG_WARN_INFINITE_RECURSION = YES;
				CLANG_WARN_INT_CONVERSION = YES;
				CLANG_WARN_OBJC_ROOT_CLASS = YES_ERROR;
				CLANG_WARN_SUSPICIOUS_MOVES = YES;
				CLANG_WARN_UNREACHABLE_CODE = YES;
				CLANG_WARN__DUPLICATE_METHOD_MATCH = YES;
				CODE_SIGN_IDENTITY = "-";
				COPY_PHASE_STRIP = NO;
				DEBUG_INFORMATION_FORMAT = "dwarf-with-dsym";
				ENABLE_NS_ASSERTIONS = NO;
				ENABLE_STRICT_OBJC_MSGSEND = YES;
				GCC_C_LANGUAGE_STANDARD = gnu99;
				GCC_NO_COMMON_BLOCKS = YES;
				GCC_WARN_64_TO_32_BIT_CONVERSION = YES;
				GCC_WARN_ABOUT_RETURN_TYPE = YES_ERROR;
				GCC_WARN_UNDECLARED_SELECTOR = YES;
				GCC_WARN_UNINITIALIZED_AUTOS = YES_AGGRESSIVE;
				GCC_WARN_UNUSED_FUNCTION = YES;
				GCC_WARN_UNUSED_VARIABLE = YES;
				MACOSX_DEPLOYMENT_TARGET = 10.12;
				MTL_ENABLE_DEBUG_INFO = NO;
				SDKROOT = macosx;
			};
			name = Release;
		};
		FC79AE831F2BF54B00C04C5E /* Debug */ = {
			isa = XCBuildConfiguration;
			buildSettings = {
				PRODUCT_NAME = "$(TARGET_NAME)";
			};
			name = Debug;
		};
		FC79AE841F2BF54B00C04C5E /* Release */ = {
			isa = XCBuildConfiguration;
			buildSettings = {
				PRODUCT_NAME = "$(TARGET_NAME)";
			};
			name = Release;
		};
/* End XCBuildConfiguration section */

/* Begin XCConfigurationList section */
		FC79AE761F2BF54B00C04C5E /* Build configuration list for PBXProject "8-1" */ = {
			isa = XCConfigurationList;
			buildConfigurations = (
				FC79AE801F2BF54B00C04C5E /* Debug */,
				FC79AE811F2BF54B00C04C5E /* Release */,
			);
			defaultConfigurationIsVisible = 0;
			defaultConfigurationName = Release;
		};
		FC79AE821F2BF54B00C04C5E /* Build configuration list for PBXNativeTarget "8-1" */ = {
			isa = XCConfigurationList;
			buildConfigurations = (
				FC79AE831F2BF54B00C04C5E /* Debug */,
				FC79AE841F2BF54B00C04C5E /* Release */,
			);
			defaultConfigurationIsVisible = 0;
		};
/* End XCConfigurationList section */
	};
	rootObject = FC79AE731F2BF54B00C04C5E /* Project object */;
}
